
Microsoft Visual Studio Solution File, Format Version 12.00
# Visual Studio Version 17
VisualStudioVersion = 17.4.33213.308
MinimumVisualStudioVersion = 10.0.40219.1
Project("{888888A0-9F3D-457C-B088-3A5042F75D52}") = "Dice roll", "Dice roll\Dice roll.pyproj", "{FD65507F-13E7-40C6-AAD0-96DE34321ADD}"
EndProject
Global
	GlobalSection(SolutionConfigurationPlatforms) = preSolution
		Debug|Any CPU = Debug|Any CPU
		Release|Any CPU = Release|Any CPU
	EndGlobalSection
	GlobalSection(ProjectConfigurationPlatforms) = postSolution
		{FD65507F-13E7-40C6-AAD0-96DE34321ADD}.Debug|Any CPU.ActiveCfg = Debug|Any CPU
		{FD65507F-13E7-40C6-AAD0-96DE34321ADD}.Release|Any CPU.ActiveCfg = Release|Any CPU
	EndGlobalSection
	GlobalSection(SolutionProperties) = preSolution
		HideSolutionNode = FALSE
	EndGlobalSection
	GlobalSection(ExtensibilityGlobals) = postSolution
		SolutionGuid = {15703B3D-633B-4F71-B37A-FC225923C674}
	EndGlobalSection
EndGlobal
